<Solution>
  <Configurations>
    <Platform Name="Any CPU" />
    <Platform Name="x64" />
    <Platform Name="x86" />
  </Configurations>

  <Folder Name="/Solution Items/">
    <File Path=".editorconfig" />
    <File Path=".gitattributes" />
    <File Path=".gitignore" />
    <File Path="compose.yaml" />
    <File Path="coverlet.runsettings" />
    <File Path="Directory.Build.props" />
    <File Path="Directory.Packages.props" />
    <File Path="README.md" />
  </Folder>

  <Folder Name="/src/">
    <Project Path="src/SynergyFlow.Api/SynergyFlow.Api.csproj" />
    <Project Path="src/SynergyFlow.Application/SynergyFlow.Application.csproj" />
    <Project Path="src/SynergyFlow.Domain/SynergyFlow.Domain.csproj" />
    <Project Path="src/SynergyFlow.Infrastructure/SynergyFlow.Infrastructure.csproj" />
  </Folder>

  <Folder Name="/tests/">
    <Project Path="tests/SynergyFlow.Tests.Common/SynergyFlow.Tests.Common.csproj" />
    <Project Path="tests/SynergyFlow.ArchitectureTests/SynergyFlow.ArchitectureTests.csproj" />
    <Project Path="tests/SynergyFlow.Domain.UnitTests/SynergyFlow.Domain.UnitTests.csproj" />
    <Project Path="tests/SynergyFlow.Application.UnitTests/SynergyFlow.Application.UnitTests.csproj" />
    <Project Path="tests/SynergyFlow.Application.SubcutaneousTests/SynergyFlow.Application.SubcutaneousTests.csproj" />
    <Project Path="tests/SynergyFlow.Api.IntegrationTests/SynergyFlow.Api.IntegrationTests.csproj" />
  </Folder>
</Solution>
